
Microsoft Visual Studio Solution File, Format Version 12.00
# Visual Studio Version 17
VisualStudioVersion = 17.14.36310.24
MinimumVisualStudioVersion = 10.0.40219.1
Project("{FAE04EC0-301F-11D3-BF4B-00C04F79EFBC}") = "AICompanyOS.API", "AICompanyOS.API\AICompanyOS.API.csproj", "{0BBC3922-4C10-43E8-BA7D-5554EB79285B}"
EndProject
Project("{FAE04EC0-301F-11D3-BF4B-00C04F79EFBC}") = "AICompanyOS.Application", "AICompanyOS.Application\AICompanyOS.Application.csproj", "{79C96959-E0CC-4342-AC4B-1E6B29A57409}"
EndProject
Project("{FAE04EC0-301F-11D3-BF4B-00C04F79EFBC}") = "AICompanyOS.Domain", "AICompanyOS.Domain\AICompanyOS.Domain.csproj", "{D0045795-310A-4250-A60E-3BBAE3FA3298}"
EndProject
Project("{FAE04EC0-301F-11D3-BF4B-00C04F79EFBC}") = "AICompanyOS.Infrastructure", "AICompanyOS.Infrastructure\AICompanyOS.Infrastructure.csproj", "{F4F09863-7C64-46B5-B87C-497DB6091A05}"
EndProject
Project("{FAE04EC0-301F-11D3-BF4B-00C04F79EFBC}") = "AICompanyOS.Persistence", "AICompanyOS.Persistence\AICompanyOS.Persistence.csproj", "{51A40F46-587A-491A-83D2-BAE13986710D}"
EndProject
Project("{FAE04EC0-301F-11D3-BF4B-00C04F79EFBC}") = "AICompanyOS.Agents", "AICompanyOS.Agents\AICompanyOS.Agents.csproj", "{CDA671C0-C6D0-4D9A-9661-E4107071267A}"
EndProject
Project("{FAE04EC0-301F-11D3-BF4B-00C04F79EFBC}") = "AICompanyOS.Orchestration", "AICompanyOS.Orchestration\AICompanyOS.Orchestration.csproj", "{46D18236-12AD-42F1-9EF7-053E2FD41624}"
EndProject
Project("{FAE04EC0-301F-11D3-BF4B-00C04F79EFBC}") = "AICompanyOS.Contracts", "AICompanyOS.Contracts\AICompanyOS.Contracts.csproj", "{4733E3A9-3311-41B7-BFB0-67E4319CA967}"
EndProject
Project("{FAE04EC0-301F-11D3-BF4B-00C04F79EFBC}") = "AICompanyOS.Shared", "AICompanyOS.Shared\AICompanyOS.Shared.csproj", "{E8DBFCB0-E6CC-470E-A458-5872F9E2ED10}"
EndProject
Global
	GlobalSection(SolutionConfigurationPlatforms) = preSolution
		Debug|Any CPU = Debug|Any CPU
		Release|Any CPU = Release|Any CPU
	EndGlobalSection
	GlobalSection(ProjectConfigurationPlatforms) = postSolution
		{0BBC3922-4C10-43E8-BA7D-5554EB79285B}.Debug|Any CPU.ActiveCfg = Debug|Any CPU
		{0BBC3922-4C10-43E8-BA7D-5554EB79285B}.Debug|Any CPU.Build.0 = Debug|Any CPU
		{0BBC3922-4C10-43E8-BA7D-5554EB79285B}.Release|Any CPU.ActiveCfg = Release|Any CPU
		{0BBC3922-4C10-43E8-BA7D-5554EB79285B}.Release|Any CPU.Build.0 = Release|Any CPU
		{79C96959-E0CC-4342-AC4B-1E6B29A57409}.Debug|Any CPU.ActiveCfg = Debug|Any CPU
		{79C96959-E0CC-4342-AC4B-1E6B29A57409}.Debug|Any CPU.Build.0 = Debug|Any CPU
		{79C96959-E0CC-4342-AC4B-1E6B29A57409}.Release|Any CPU.ActiveCfg = Release|Any CPU
		{79C96959-E0CC-4342-AC4B-1E6B29A57409}.Release|Any CPU.Build.0 = Release|Any CPU
		{D0045795-310A-4250-A60E-3BBAE3FA3298}.Debug|Any CPU.ActiveCfg = Debug|Any CPU
		{D0045795-310A-4250-A60E-3BBAE3FA3298}.Debug|Any CPU.Build.0 = Debug|Any CPU
		{D0045795-310A-4250-A60E-3BBAE3FA3298}.Release|Any CPU.ActiveCfg = Release|Any CPU
		{D0045795-310A-4250-A60E-3BBAE3FA3298}.Release|Any CPU.Build.0 = Release|Any CPU
		{F4F09863-7C64-46B5-B87C-497DB6091A05}.Debug|Any CPU.ActiveCfg = Debug|Any CPU
		{F4F09863-7C64-46B5-B87C-497DB6091A05}.Debug|Any CPU.Build.0 = Debug|Any CPU
		{F4F09863-7C64-46B5-B87C-497DB6091A05}.Release|Any CPU.ActiveCfg = Release|Any CPU
		{F4F09863-7C64-46B5-B87C-497DB6091A05}.Release|Any CPU.Build.0 = Release|Any CPU
		{51A40F46-587A-491A-83D2-BAE13986710D}.Debug|Any CPU.ActiveCfg = Debug|Any CPU
		{51A40F46-587A-491A-83D2-BAE13986710D}.Debug|Any CPU.Build.0 = Debug|Any CPU
		{51A40F46-587A-491A-83D2-BAE13986710D}.Release|Any CPU.ActiveCfg = Release|Any CPU
		{51A40F46-587A-491A-83D2-BAE13986710D}.Release|Any CPU.Build.0 = Release|Any CPU
		{CDA671C0-C6D0-4D9A-9661-E4107071267A}.Debug|Any CPU.ActiveCfg = Debug|Any CPU
		{CDA671C0-C6D0-4D9A-9661-E4107071267A}.Debug|Any CPU.Build.0 = Debug|Any CPU
		{CDA671C0-C6D0-4D9A-9661-E4107071267A}.Release|Any CPU.ActiveCfg = Release|Any CPU
		{CDA671C0-C6D0-4D9A-9661-E4107071267A}.Release|Any CPU.Build.0 = Release|Any CPU
		{46D18236-12AD-42F1-9EF7-053E2FD41624}.Debug|Any CPU.ActiveCfg = Debug|Any CPU
		{46D18236-12AD-42F1-9EF7-053E2FD41624}.Debug|Any CPU.Build.0 = Debug|Any CPU
		{46D18236-12AD-42F1-9EF7-053E2FD41624}.Release|Any CPU.ActiveCfg = Release|Any CPU
		{46D18236-12AD-42F1-9EF7-053E2FD41624}.Release|Any CPU.Build.0 = Release|Any CPU
		{4733E3A9-3311-41B7-BFB0-67E4319CA967}.Debug|Any CPU.ActiveCfg = Debug|Any CPU
		{4733E3A9-3311-41B7-BFB0-67E4319CA967}.Debug|Any CPU.Build.0 = Debug|Any CPU
		{4733E3A9-3311-41B7-BFB0-67E4319CA967}.Release|Any CPU.ActiveCfg = Release|Any CPU
		{4733E3A9-3311-41B7-BFB0-67E4319CA967}.Release|Any CPU.Build.0 = Release|Any CPU
		{E8DBFCB0-E6CC-470E-A458-5872F9E2ED10}.Debug|Any CPU.ActiveCfg = Debug|Any CPU
		{E8DBFCB0-E6CC-470E-A458-5872F9E2ED10}.Debug|Any CPU.Build.0 = Debug|Any CPU
		{E8DBFCB0-E6CC-470E-A458-5872F9E2ED10}.Release|Any CPU.ActiveCfg = Release|Any CPU
		{E8DBFCB0-E6CC-470E-A458-5872F9E2ED10}.Release|Any CPU.Build.0 = Release|Any CPU
	EndGlobalSection
	GlobalSection(SolutionProperties) = preSolution
		HideSolutionNode = FALSE
	EndGlobalSection
	GlobalSection(ExtensibilityGlobals) = postSolution
		SolutionGuid = {F24191E5-1A26-4A07-AF3B-3CE5371DC8A0}
	EndGlobalSection
EndGlobal
